
Microsoft Visual Studio Solution File, Format Version 12.00
# Visual Studio Version 16
VisualStudioVersion = 16.0.31424.327
MinimumVisualStudioVersion = 10.0.40219.1
Project("{9A19103F-16F7-4668-BE54-9A1E7A4F7556}") = "Hahn.ApplicatonProcess.February2021.Web", "Hahn.ApplicatonProcess.February2021.Web\Hahn.ApplicatonProcess.February2021.Web.csproj", "{9FBB9998-6177-4291-8F52-2DC42A3500AD}"
EndProject
Project("{9A19103F-16F7-4668-BE54-9A1E7A4F7556}") = "Hahn.ApplicatonProcess.February2021.Domain", "Hahn.ApplicatonProcess.February2021.Domain\Hahn.ApplicatonProcess.February2021.Domain.csproj", "{18865A9E-7B8A-45CB-892F-3EC692608E57}"
EndProject
Project("{9A19103F-16F7-4668-BE54-9A1E7A4F7556}") = "Hahn.ApplicatonProcess.February2021.Data", "Hahn.ApplicatonProcess.February2021.Data\Hahn.ApplicatonProcess.February2021.Data.csproj", "{3A7558D1-3BB3-4297-81FB-341E57E9B39C}"
EndProject
Project("{E53339B2-1760-4266-BCC7-CA923CBCF16C}") = "docker-compose", "docker-compose.dcproj", "{A3B06060-3123-4183-8DB7-C7C1EBA2A725}"
EndProject
Project("{E24C65DC-7377-472B-9ABA-BC803B73C61A}") = "Hahn.ApplicatonProcess.February2021.App", "Hahn.ApplicatonProcess.February2021.App\", "{FCB5B583-160B-42A6-9A48-980FC261D520}"
	ProjectSection(WebsiteProperties) = preProject
		TargetFrameworkMoniker = ".NETFramework,Version%3Dv4.0"
		Debug.AspNetCompiler.VirtualPath = "/localhost_62472"
		Debug.AspNetCompiler.PhysicalPath = "Hahn.ApplicatonProcess.February2021.App\"
		Debug.AspNetCompiler.TargetPath = "PrecompiledWeb\localhost_62472\"
		Debug.AspNetCompiler.Updateable = "true"
		Debug.AspNetCompiler.ForceOverwrite = "true"
		Debug.AspNetCompiler.FixedNames = "false"
		Debug.AspNetCompiler.Debug = "True"
		Release.AspNetCompiler.VirtualPath = "/localhost_62472"
		Release.AspNetCompiler.PhysicalPath = "Hahn.ApplicatonProcess.February2021.App\"
		Release.AspNetCompiler.TargetPath = "PrecompiledWeb\localhost_62472\"
		Release.AspNetCompiler.Updateable = "true"
		Release.AspNetCompiler.ForceOverwrite = "true"
		Release.AspNetCompiler.FixedNames = "false"
		Release.AspNetCompiler.Debug = "False"
		VWDPort = "62472"
		SlnRelativePath = "Hahn.ApplicatonProcess.February2021.App\"
	EndProjectSection
EndProject
Global
	GlobalSection(SolutionConfigurationPlatforms) = preSolution
		Debug|Any CPU = Debug|Any CPU
		Release|Any CPU = Release|Any CPU
	EndGlobalSection
	GlobalSection(ProjectConfigurationPlatforms) = postSolution
		{9FBB9998-6177-4291-8F52-2DC42A3500AD}.Debug|Any CPU.ActiveCfg = Debug|Any CPU
		{9FBB9998-6177-4291-8F52-2DC42A3500AD}.Debug|Any CPU.Build.0 = Debug|Any CPU
		{9FBB9998-6177-4291-8F52-2DC42A3500AD}.Release|Any CPU.ActiveCfg = Release|Any CPU
		{9FBB9998-6177-4291-8F52-2DC42A3500AD}.Release|Any CPU.Build.0 = Release|Any CPU
		{18865A9E-7B8A-45CB-892F-3EC692608E57}.Debug|Any CPU.ActiveCfg = Debug|Any CPU
		{18865A9E-7B8A-45CB-892F-3EC692608E57}.Debug|Any CPU.Build.0 = Debug|Any CPU
		{18865A9E-7B8A-45CB-892F-3EC692608E57}.Release|Any CPU.ActiveCfg = Release|Any CPU
		{18865A9E-7B8A-45CB-892F-3EC692608E57}.Release|Any CPU.Build.0 = Release|Any CPU
		{3A7558D1-3BB3-4297-81FB-341E57E9B39C}.Debug|Any CPU.ActiveCfg = Debug|Any CPU
		{3A7558D1-3BB3-4297-81FB-341E57E9B39C}.Debug|Any CPU.Build.0 = Debug|Any CPU
		{3A7558D1-3BB3-4297-81FB-341E57E9B39C}.Release|Any CPU.ActiveCfg = Release|Any CPU
		{3A7558D1-3BB3-4297-81FB-341E57E9B39C}.Release|Any CPU.Build.0 = Release|Any CPU
		{A3B06060-3123-4183-8DB7-C7C1EBA2A725}.Debug|Any CPU.ActiveCfg = Debug|Any CPU
		{A3B06060-3123-4183-8DB7-C7C1EBA2A725}.Debug|Any CPU.Build.0 = Debug|Any CPU
		{A3B06060-3123-4183-8DB7-C7C1EBA2A725}.Release|Any CPU.ActiveCfg = Release|Any CPU
		{A3B06060-3123-4183-8DB7-C7C1EBA2A725}.Release|Any CPU.Build.0 = Release|Any CPU
		{FCB5B583-160B-42A6-9A48-980FC261D520}.Debug|Any CPU.ActiveCfg = Debug|Any CPU
		{FCB5B583-160B-42A6-9A48-980FC261D520}.Debug|Any CPU.Build.0 = Debug|Any CPU
		{FCB5B583-160B-42A6-9A48-980FC261D520}.Release|Any CPU.ActiveCfg = Debug|Any CPU
		{FCB5B583-160B-42A6-9A48-980FC261D520}.Release|Any CPU.Build.0 = Debug|Any CPU
	EndGlobalSection
	GlobalSection(SolutionProperties) = preSolution
		HideSolutionNode = FALSE
	EndGlobalSection
	GlobalSection(ExtensibilityGlobals) = postSolution
		SolutionGuid = {C1E64915-5C9C-478A-9EEC-311DE3E3C9B5}
	EndGlobalSection
EndGlobal
